
Microsoft Visual Studio Solution File, Format Version 12.00
# Visual Studio Version 17
VisualStudioVersion = 17.9.34607.119
MinimumVisualStudioVersion = 10.0.40219.1
Project("{FAE04EC0-301F-11D3-BF4B-00C04F79EFBC}") = "UjjwalSMS.web", "UjjwalSMS.web\UjjwalSMS.web.csproj", "{59CFA783-F7B6-4C6B-82CC-A09CBD793E80}"
EndProject
Project("{FAE04EC0-301F-11D3-BF4B-00C04F79EFBC}") = "UjjwalSMS.Models", "UjjwalSMS.Models\UjjwalSMS.Models.csproj", "{C011024A-43F2-4048-975C-0116CFA0ABA1}"
EndProject
Project("{FAE04EC0-301F-11D3-BF4B-00C04F79EFBC}") = "UjjwalSMS.Infrastructure", "UjjwalSMS.Infrastructure\UjjwalSMS.Infrastructure.csproj", "{301ACCD4-532C-490F-904C-9D64956C4C88}"
EndProject
Global
	GlobalSection(SolutionConfigurationPlatforms) = preSolution
		Debug|Any CPU = Debug|Any CPU
		Release|Any CPU = Release|Any CPU
	EndGlobalSection
	GlobalSection(ProjectConfigurationPlatforms) = postSolution
		{59CFA783-F7B6-4C6B-82CC-A09CBD793E80}.Debug|Any CPU.ActiveCfg = Debug|Any CPU
		{59CFA783-F7B6-4C6B-82CC-A09CBD793E80}.Debug|Any CPU.Build.0 = Debug|Any CPU
		{59CFA783-F7B6-4C6B-82CC-A09CBD793E80}.Release|Any CPU.ActiveCfg = Release|Any CPU
		{59CFA783-F7B6-4C6B-82CC-A09CBD793E80}.Release|Any CPU.Build.0 = Release|Any CPU
		{C011024A-43F2-4048-975C-0116CFA0ABA1}.Debug|Any CPU.ActiveCfg = Debug|Any CPU
		{C011024A-43F2-4048-975C-0116CFA0ABA1}.Debug|Any CPU.Build.0 = Debug|Any CPU
		{C011024A-43F2-4048-975C-0116CFA0ABA1}.Release|Any CPU.ActiveCfg = Release|Any CPU
		{C011024A-43F2-4048-975C-0116CFA0ABA1}.Release|Any CPU.Build.0 = Release|Any CPU
		{301ACCD4-532C-490F-904C-9D64956C4C88}.Debug|Any CPU.ActiveCfg = Debug|Any CPU
		{301ACCD4-532C-490F-904C-9D64956C4C88}.Debug|Any CPU.Build.0 = Debug|Any CPU
		{301ACCD4-532C-490F-904C-9D64956C4C88}.Release|Any CPU.ActiveCfg = Release|Any CPU
		{301ACCD4-532C-490F-904C-9D64956C4C88}.Release|Any CPU.Build.0 = Release|Any CPU
	EndGlobalSection
	GlobalSection(SolutionProperties) = preSolution
		HideSolutionNode = FALSE
	EndGlobalSection
	GlobalSection(ExtensibilityGlobals) = postSolution
		SolutionGuid = {4859F137-4BD5-41CD-A276-6F73F4521115}
	EndGlobalSection
EndGlobal
